
Microsoft Visual Studio Solution File, Format Version 12.00
# Visual Studio Version 17
VisualStudioVersion = 17.8.34322.80
MinimumVisualStudioVersion = 10.0.40219.1
Project("{8BC9CEB8-8B4A-11D0-8D11-00A0C91BC942}") = "00_01", "..\00_01\00_01.vcxproj", "{060CA9AF-96FE-452C-9F3E-8237927650E7}"
EndProject
Project("{8BC9CEB8-8B4A-11D0-8D11-00A0C91BC942}") = "00_02", "..\00_02\00_02.vcxproj", "{BEE43C0D-AF28-4C31-92F7-45DF79693B88}"
EndProject
Project("{8BC9CEB8-8B4A-11D0-8D11-00A0C91BC942}") = "00_03", "..\00_03\00_03.vcxproj", "{C987087E-B63E-4B2A-A3A2-7716DC36FA42}"
EndProject
Project("{8BC9CEB8-8B4A-11D0-8D11-00A0C91BC942}") = "00_04", "..\00_04\00_04.vcxproj", "{05B73A3E-A4E5-4A03-91DF-44EBB4A1BA85}"
EndProject
Project("{8BC9CEB8-8B4A-11D0-8D11-00A0C91BC942}") = "00_05", "..\00_05\00_05.vcxproj", "{20862132-D352-47A1-8423-622BEAAFC9C8}"
EndProject
Project("{8BC9CEB8-8B4A-11D0-8D11-00A0C91BC942}") = "01_00", "..\01_00\01_00.vcxproj", "{A136483B-069E-458F-8E16-E54AC62D845D}"
EndProject
Project("{8BC9CEB8-8B4A-11D0-8D11-00A0C91BC942}") = "01_01", "..\01_01\01_01.vcxproj", "{0E6EE584-F6D1-4184-9318-C759182C7CFC}"
EndProject
Project("{8BC9CEB8-8B4A-11D0-8D11-00A0C91BC942}") = "01_02", "..\01_02\01_02.vcxproj", "{2DCAA43B-8AE8-4E11-A3B5-3F1D58409F8F}"
EndProject
Project("{8BC9CEB8-8B4A-11D0-8D11-00A0C91BC942}") = "02_00", "..\02_00\02_00.vcxproj", "{501E872F-1DC0-4FC2-984A-3BBD50609837}"
EndProject
Project("{8BC9CEB8-8B4A-11D0-8D11-00A0C91BC942}") = "02_01", "..\02_01\02_01.vcxproj", "{C3765578-9E45-45C0-AE8E-AF49BA99C0CD}"
EndProject
Project("{8BC9CEB8-8B4A-11D0-8D11-00A0C91BC942}") = "02_02", "..\02_02\02_02.vcxproj", "{FEAC6910-3FBF-49D0-AB41-BB25CC48BCBA}"
EndProject
Project("{8BC9CEB8-8B4A-11D0-8D11-00A0C91BC942}") = "02_03", "..\02_03\02_03.vcxproj", "{A385BD99-76F6-4C4F-B99B-5BA1F53E5E35}"
EndProject
Global
	GlobalSection(SolutionConfigurationPlatforms) = preSolution
		Debug|x64 = Debug|x64
		Debug|x86 = Debug|x86
		Release|x64 = Release|x64
		Release|x86 = Release|x86
	EndGlobalSection
	GlobalSection(ProjectConfigurationPlatforms) = postSolution
		{060CA9AF-96FE-452C-9F3E-8237927650E7}.Debug|x64.ActiveCfg = Debug|x64
		{060CA9AF-96FE-452C-9F3E-8237927650E7}.Debug|x64.Build.0 = Debug|x64
		{060CA9AF-96FE-452C-9F3E-8237927650E7}.Debug|x86.ActiveCfg = Debug|x64
		{060CA9AF-96FE-452C-9F3E-8237927650E7}.Debug|x86.Build.0 = Debug|x64
		{060CA9AF-96FE-452C-9F3E-8237927650E7}.Release|x64.ActiveCfg = Release|x64
		{060CA9AF-96FE-452C-9F3E-8237927650E7}.Release|x64.Build.0 = Release|x64
		{060CA9AF-96FE-452C-9F3E-8237927650E7}.Release|x86.ActiveCfg = Release|x64
		{060CA9AF-96FE-452C-9F3E-8237927650E7}.Release|x86.Build.0 = Release|x64
		{BEE43C0D-AF28-4C31-92F7-45DF79693B88}.Debug|x64.ActiveCfg = Debug|x64
		{BEE43C0D-AF28-4C31-92F7-45DF79693B88}.Debug|x64.Build.0 = Debug|x64
		{BEE43C0D-AF28-4C31-92F7-45DF79693B88}.Debug|x86.ActiveCfg = Debug|x64
		{BEE43C0D-AF28-4C31-92F7-45DF79693B88}.Debug|x86.Build.0 = Debug|x64
		{BEE43C0D-AF28-4C31-92F7-45DF79693B88}.Release|x64.ActiveCfg = Release|x64
		{BEE43C0D-AF28-4C31-92F7-45DF79693B88}.Release|x64.Build.0 = Release|x64
		{BEE43C0D-AF28-4C31-92F7-45DF79693B88}.Release|x86.ActiveCfg = Release|x64
		{BEE43C0D-AF28-4C31-92F7-45DF79693B88}.Release|x86.Build.0 = Release|x64
		{C987087E-B63E-4B2A-A3A2-7716DC36FA42}.Debug|x64.ActiveCfg = Debug|x64
		{C987087E-B63E-4B2A-A3A2-7716DC36FA42}.Debug|x64.Build.0 = Debug|x64
		{C987087E-B63E-4B2A-A3A2-7716DC36FA42}.Debug|x86.ActiveCfg = Debug|x64
		{C987087E-B63E-4B2A-A3A2-7716DC36FA42}.Debug|x86.Build.0 = Debug|x64
		{C987087E-B63E-4B2A-A3A2-7716DC36FA42}.Release|x64.ActiveCfg = Release|x64
		{C987087E-B63E-4B2A-A3A2-7716DC36FA42}.Release|x64.Build.0 = Release|x64
		{C987087E-B63E-4B2A-A3A2-7716DC36FA42}.Release|x86.ActiveCfg = Release|x64
		{C987087E-B63E-4B2A-A3A2-7716DC36FA42}.Release|x86.Build.0 = Release|x64
		{05B73A3E-A4E5-4A03-91DF-44EBB4A1BA85}.Debug|x64.ActiveCfg = Debug|x64
		{05B73A3E-A4E5-4A03-91DF-44EBB4A1BA85}.Debug|x64.Build.0 = Debug|x64
		{05B73A3E-A4E5-4A03-91DF-44EBB4A1BA85}.Debug|x86.ActiveCfg = Debug|x64
		{05B73A3E-A4E5-4A03-91DF-44EBB4A1BA85}.Debug|x86.Build.0 = Debug|x64
		{05B73A3E-A4E5-4A03-91DF-44EBB4A1BA85}.Release|x64.ActiveCfg = Release|x64
		{05B73A3E-A4E5-4A03-91DF-44EBB4A1BA85}.Release|x64.Build.0 = Release|x64
		{05B73A3E-A4E5-4A03-91DF-44EBB4A1BA85}.Release|x86.ActiveCfg = Release|x64
		{05B73A3E-A4E5-4A03-91DF-44EBB4A1BA85}.Release|x86.Build.0 = Release|x64
		{20862132-D352-47A1-8423-622BEAAFC9C8}.Debug|x64.ActiveCfg = Debug|x64
		{20862132-D352-47A1-8423-622BEAAFC9C8}.Debug|x64.Build.0 = Debug|x64
		{20862132-D352-47A1-8423-622BEAAFC9C8}.Debug|x86.ActiveCfg = Debug|x64
		{20862132-D352-47A1-8423-622BEAAFC9C8}.Debug|x86.Build.0 = Debug|x64
		{20862132-D352-47A1-8423-622BEAAFC9C8}.Release|x64.ActiveCfg = Release|x64
		{20862132-D352-47A1-8423-622BEAAFC9C8}.Release|x64.Build.0 = Release|x64
		{20862132-D352-47A1-8423-622BEAAFC9C8}.Release|x86.ActiveCfg = Release|x64
		{20862132-D352-47A1-8423-622BEAAFC9C8}.Release|x86.Build.0 = Release|x64
		{A136483B-069E-458F-8E16-E54AC62D845D}.Debug|x64.ActiveCfg = Debug|x64
		{A136483B-069E-458F-8E16-E54AC62D845D}.Debug|x64.Build.0 = Debug|x64
		{A136483B-069E-458F-8E16-E54AC62D845D}.Debug|x86.ActiveCfg = Debug|x64
		{A136483B-069E-458F-8E16-E54AC62D845D}.Debug|x86.Build.0 = Debug|x64
		{A136483B-069E-458F-8E16-E54AC62D845D}.Release|x64.ActiveCfg = Release|x64
		{A136483B-069E-458F-8E16-E54AC62D845D}.Release|x64.Build.0 = Release|x64
		{A136483B-069E-458F-8E16-E54AC62D845D}.Release|x86.ActiveCfg = Release|x64
		{A136483B-069E-458F-8E16-E54AC62D845D}.Release|x86.Build.0 = Release|x64
		{0E6EE584-F6D1-4184-9318-C759182C7CFC}.Debug|x64.ActiveCfg = Debug|x64
		{0E6EE584-F6D1-4184-9318-C759182C7CFC}.Debug|x64.Build.0 = Debug|x64
		{0E6EE584-F6D1-4184-9318-C759182C7CFC}.Debug|x86.ActiveCfg = Debug|x64
		{0E6EE584-F6D1-4184-9318-C759182C7CFC}.Debug|x86.Build.0 = Debug|x64
		{0E6EE584-F6D1-4184-9318-C759182C7CFC}.Release|x64.ActiveCfg = Release|x64
		{0E6EE584-F6D1-4184-9318-C759182C7CFC}.Release|x64.Build.0 = Release|x64
		{0E6EE584-F6D1-4184-9318-C759182C7CFC}.Release|x86.ActiveCfg = Release|x64
		{0E6EE584-F6D1-4184-9318-C759182C7CFC}.Release|x86.Build.0 = Release|x64
		{2DCAA43B-8AE8-4E11-A3B5-3F1D58409F8F}.Debug|x64.ActiveCfg = Debug|x64
		{2DCAA43B-8AE8-4E11-A3B5-3F1D58409F8F}.Debug|x64.Build.0 = Debug|x64
		{2DCAA43B-8AE8-4E11-A3B5-3F1D58409F8F}.Debug|x86.ActiveCfg = Debug|x64
		{2DCAA43B-8AE8-4E11-A3B5-3F1D58409F8F}.Debug|x86.Build.0 = Debug|x64
		{2DCAA43B-8AE8-4E11-A3B5-3F1D58409F8F}.Release|x64.ActiveCfg = Release|x64
		{2DCAA43B-8AE8-4E11-A3B5-3F1D58409F8F}.Release|x64.Build.0 = Release|x64
		{2DCAA43B-8AE8-4E11-A3B5-3F1D58409F8F}.Release|x86.ActiveCfg = Release|x64
		{2DCAA43B-8AE8-4E11-A3B5-3F1D58409F8F}.Release|x86.Build.0 = Release|x64
		{501E872F-1DC0-4FC2-984A-3BBD50609837}.Debug|x64.ActiveCfg = Debug|x64
		{501E872F-1DC0-4FC2-984A-3BBD50609837}.Debug|x64.Build.0 = Debug|x64
		{501E872F-1DC0-4FC2-984A-3BBD50609837}.Debug|x86.ActiveCfg = Debug|x64
		{501E872F-1DC0-4FC2-984A-3BBD50609837}.Debug|x86.Build.0 = Debug|x64
		{501E872F-1DC0-4FC2-984A-3BBD50609837}.Release|x64.ActiveCfg = Release|x64
		{501E872F-1DC0-4FC2-984A-3BBD50609837}.Release|x64.Build.0 = Release|x64
		{501E872F-1DC0-4FC2-984A-3BBD50609837}.Release|x86.ActiveCfg = Release|x64
		{501E872F-1DC0-4FC2-984A-3BBD50609837}.Release|x86.Build.0 = Release|x64
		{C3765578-9E45-45C0-AE8E-AF49BA99C0CD}.Debug|x64.ActiveCfg = Debug|x64
		{C3765578-9E45-45C0-AE8E-AF49BA99C0CD}.Debug|x64.Build.0 = Debug|x64
		{C3765578-9E45-45C0-AE8E-AF49BA99C0CD}.Debug|x86.ActiveCfg = Debug|x64
		{C3765578-9E45-45C0-AE8E-AF49BA99C0CD}.Debug|x86.Build.0 = Debug|x64
		{C3765578-9E45-45C0-AE8E-AF49BA99C0CD}.Release|x64.ActiveCfg = Release|x64
		{C3765578-9E45-45C0-AE8E-AF49BA99C0CD}.Release|x64.Build.0 = Release|x64
		{C3765578-9E45-45C0-AE8E-AF49BA99C0CD}.Release|x86.ActiveCfg = Release|x64
		{C3765578-9E45-45C0-AE8E-AF49BA99C0CD}.Release|x86.Build.0 = Release|x64
		{FEAC6910-3FBF-49D0-AB41-BB25CC48BCBA}.Debug|x64.ActiveCfg = Debug|x64
		{FEAC6910-3FBF-49D0-AB41-BB25CC48BCBA}.Debug|x64.Build.0 = Debug|x64
		{FEAC6910-3FBF-49D0-AB41-BB25CC48BCBA}.Debug|x86.ActiveCfg = Debug|x64
		{FEAC6910-3FBF-49D0-AB41-BB25CC48BCBA}.Debug|x86.Build.0 = Debug|x64
		{FEAC6910-3FBF-49D0-AB41-BB25CC48BCBA}.Release|x64.ActiveCfg = Release|x64
		{FEAC6910-3FBF-49D0-AB41-BB25CC48BCBA}.Release|x64.Build.0 = Release|x64
		{FEAC6910-3FBF-49D0-AB41-BB25CC48BCBA}.Release|x86.ActiveCfg = Release|x64
		{FEAC6910-3FBF-49D0-AB41-BB25CC48BCBA}.Release|x86.Build.0 = Release|x64
		{A385BD99-76F6-4C4F-B99B-5BA1F53E5E35}.Debug|x64.ActiveCfg = Debug|x64
		{A385BD99-76F6-4C4F-B99B-5BA1F53E5E35}.Debug|x64.Build.0 = Debug|x64
		{A385BD99-76F6-4C4F-B99B-5BA1F53E5E35}.Debug|x86.ActiveCfg = Debug|x64
		{A385BD99-76F6-4C4F-B99B-5BA1F53E5E35}.Debug|x86.Build.0 = Debug|x64
		{A385BD99-76F6-4C4F-B99B-5BA1F53E5E35}.Release|x64.ActiveCfg = Release|x64
		{A385BD99-76F6-4C4F-B99B-5BA1F53E5E35}.Release|x64.Build.0 = Release|x64
		{A385BD99-76F6-4C4F-B99B-5BA1F53E5E35}.Release|x86.ActiveCfg = Release|x64
		{A385BD99-76F6-4C4F-B99B-5BA1F53E5E35}.Release|x86.Build.0 = Release|x64
	EndGlobalSection
	GlobalSection(SolutionProperties) = preSolution
		HideSolutionNode = FALSE
	EndGlobalSection
	GlobalSection(ExtensibilityGlobals) = postSolution
		SolutionGuid = {AC13339F-D178-4056-A1CC-C48D978E2821}
	EndGlobalSection
EndGlobal
