
Microsoft Visual Studio Solution File, Format Version 12.00
# Visual Studio Version 17
VisualStudioVersion = 17.8.34322.80
MinimumVisualStudioVersion = 10.0.40219.1
Project("{8BC9CEB8-8B4A-11D0-8D11-00A0C91BC942}") = "00_01", "..\00_01\00_01.vcxproj", "{060CA9AF-96FE-452C-9F3E-8237927650E7}"
EndProject
Project("{8BC9CEB8-8B4A-11D0-8D11-00A0C91BC942}") = "00_02", "..\00_02\00_02.vcxproj", "{BEE43C0D-AF28-4C31-92F7-45DF79693B88}"
EndProject
Project("{8BC9CEB8-8B4A-11D0-8D11-00A0C91BC942}") = "00_03", "..\00_03\00_03.vcxproj", "{C987087E-B63E-4B2A-A3A2-7716DC36FA42}"
EndProject
Project("{8BC9CEB8-8B4A-11D0-8D11-00A0C91BC942}") = "00_04", "..\00_04\00_04.vcxproj", "{05B73A3E-A4E5-4A03-91DF-44EBB4A1BA85}"
EndProject
Project("{8BC9CEB8-8B4A-11D0-8D11-00A0C91BC942}") = "00_05", "..\00_05\00_05.vcxproj", "{20862132-D352-47A1-8423-622BEAAFC9C8}"
EndProject
Global
	GlobalSection(SolutionConfigurationPlatforms) = preSolution
		Debug|x64 = Debug|x64
		Debug|x86 = Debug|x86
		Release|x64 = Release|x64
		Release|x86 = Release|x86
	EndGlobalSection
	GlobalSection(ProjectConfigurationPlatforms) = postSolution
		{060CA9AF-96FE-452C-9F3E-8237927650E7}.Debug|x64.ActiveCfg = Debug|x64
		{060CA9AF-96FE-452C-9F3E-8237927650E7}.Debug|x64.Build.0 = Debug|x64
		{060CA9AF-96FE-452C-9F3E-8237927650E7}.Debug|x86.ActiveCfg = Debug|x64
		{060CA9AF-96FE-452C-9F3E-8237927650E7}.Debug|x86.Build.0 = Debug|x64
		{060CA9AF-96FE-452C-9F3E-8237927650E7}.Release|x64.ActiveCfg = Release|x64
		{060CA9AF-96FE-452C-9F3E-8237927650E7}.Release|x64.Build.0 = Release|x64
		{060CA9AF-96FE-452C-9F3E-8237927650E7}.Release|x86.ActiveCfg = Release|x64
		{060CA9AF-96FE-452C-9F3E-8237927650E7}.Release|x86.Build.0 = Release|x64
		{BEE43C0D-AF28-4C31-92F7-45DF79693B88}.Debug|x64.ActiveCfg = Debug|x64
		{BEE43C0D-AF28-4C31-92F7-45DF79693B88}.Debug|x64.Build.0 = Debug|x64
		{BEE43C0D-AF28-4C31-92F7-45DF79693B88}.Debug|x86.ActiveCfg = Debug|x64
		{BEE43C0D-AF28-4C31-92F7-45DF79693B88}.Debug|x86.Build.0 = Debug|x64
		{BEE43C0D-AF28-4C31-92F7-45DF79693B88}.Release|x64.ActiveCfg = Release|x64
		{BEE43C0D-AF28-4C31-92F7-45DF79693B88}.Release|x64.Build.0 = Release|x64
		{BEE43C0D-AF28-4C31-92F7-45DF79693B88}.Release|x86.ActiveCfg = Release|x64
		{BEE43C0D-AF28-4C31-92F7-45DF79693B88}.Release|x86.Build.0 = Release|x64
		{C987087E-B63E-4B2A-A3A2-7716DC36FA42}.Debug|x64.ActiveCfg = Debug|x64
		{C987087E-B63E-4B2A-A3A2-7716DC36FA42}.Debug|x64.Build.0 = Debug|x64
		{C987087E-B63E-4B2A-A3A2-7716DC36FA42}.Debug|x86.ActiveCfg = Debug|x64
		{C987087E-B63E-4B2A-A3A2-7716DC36FA42}.Debug|x86.Build.0 = Debug|x64
		{C987087E-B63E-4B2A-A3A2-7716DC36FA42}.Release|x64.ActiveCfg = Release|x64
		{C987087E-B63E-4B2A-A3A2-7716DC36FA42}.Release|x64.Build.0 = Release|x64
		{C987087E-B63E-4B2A-A3A2-7716DC36FA42}.Release|x86.ActiveCfg = Release|x64
		{C987087E-B63E-4B2A-A3A2-7716DC36FA42}.Release|x86.Build.0 = Release|x64
		{05B73A3E-A4E5-4A03-91DF-44EBB4A1BA85}.Debug|x64.ActiveCfg = Debug|x64
		{05B73A3E-A4E5-4A03-91DF-44EBB4A1BA85}.Debug|x64.Build.0 = Debug|x64
		{05B73A3E-A4E5-4A03-91DF-44EBB4A1BA85}.Debug|x86.ActiveCfg = Debug|x64
		{05B73A3E-A4E5-4A03-91DF-44EBB4A1BA85}.Debug|x86.Build.0 = Debug|x64
		{05B73A3E-A4E5-4A03-91DF-44EBB4A1BA85}.Release|x64.ActiveCfg = Release|x64
		{05B73A3E-A4E5-4A03-91DF-44EBB4A1BA85}.Release|x64.Build.0 = Release|x64
		{05B73A3E-A4E5-4A03-91DF-44EBB4A1BA85}.Release|x86.ActiveCfg = Release|x64
		{05B73A3E-A4E5-4A03-91DF-44EBB4A1BA85}.Release|x86.Build.0 = Release|x64
		{20862132-D352-47A1-8423-622BEAAFC9C8}.Debug|x64.ActiveCfg = Debug|x64
		{20862132-D352-47A1-8423-622BEAAFC9C8}.Debug|x64.Build.0 = Debug|x64
		{20862132-D352-47A1-8423-622BEAAFC9C8}.Debug|x86.ActiveCfg = Debug|x64
		{20862132-D352-47A1-8423-622BEAAFC9C8}.Debug|x86.Build.0 = Debug|x64
		{20862132-D352-47A1-8423-622BEAAFC9C8}.Release|x64.ActiveCfg = Release|x64
		{20862132-D352-47A1-8423-622BEAAFC9C8}.Release|x64.Build.0 = Release|x64
		{20862132-D352-47A1-8423-622BEAAFC9C8}.Release|x86.ActiveCfg = Release|x64
		{20862132-D352-47A1-8423-622BEAAFC9C8}.Release|x86.Build.0 = Release|x64
	EndGlobalSection
	GlobalSection(SolutionProperties) = preSolution
		HideSolutionNode = FALSE
	EndGlobalSection
	GlobalSection(ExtensibilityGlobals) = postSolution
		SolutionGuid = {AC13339F-D178-4056-A1CC-C48D978E2821}
	EndGlobalSection
EndGlobal
